// !$*UTF8*$!
{
	archiveVersion = 1;
	classes = {
	};
	objectVersion = 46;
	objects = {

/* Begin PBXBuildFile section */
		16FCA9761983ACAC005DC51F /* Foundation.framework in Frameworks */ = {isa = PBXBuildFile; fileRef = 16FCA9751983ACAC005DC51F /* Foundation.framework */; };
		16FCA9781983ACAC005DC51F /* CoreGraphics.framework in Frameworks */ = {isa = PBXBuildFile; fileRef = 16FCA9771983ACAC005DC51F /* CoreGraphics.framework */; };
		16FCA97A1983ACAC005DC51F /* UIKit.framework in Frameworks */ = {isa = PBXBuildFile; fileRef = 16FCA9791983ACAC005DC51F /* UIKit.framework */; };
		16FCA9801983ACAC005DC51F /* InfoPlist.strings in Resources */ = {isa = PBXBuildFile; fileRef = 16FCA97E1983ACAC005DC51F /* InfoPlist.strings */; };
		16FCA9821983ACAC005DC51F /* main.m in Sources */ = {isa = PBXBuildFile; fileRef = 16FCA9811983ACAC005DC51F /* main.m */; };
		16FCA9861983ACAC005DC51F /* AppDelegate.m in Sources */ = {isa = PBXBuildFile; fileRef = 16FCA9851983ACAC005DC51F /* AppDelegate.m */; };
		16FCA9891983ACAC005DC51F /* Main.storyboard in Resources */ = {isa = PBXBuildFile; fileRef = 16FCA9871983ACAC005DC51F /* Main.storyboard */; };
		16FCA98C1983ACAC005DC51F /* ViewController.m in Sources */ = {isa = PBXBuildFile; fileRef = 16FCA98B1983ACAC005DC51F /* ViewController.m */; };
		16FCA98E1983ACAC005DC51F /* Images.xcassets in Resources */ = {isa = PBXBuildFile; fileRef = 16FCA98D1983ACAC005DC51F /* Images.xcassets */; };
		16FCA9951983ACAD005DC51F /* XCTest.framework in Frameworks */ = {isa = PBXBuildFile; fileRef = 16FCA9941983ACAD005DC51F /* XCTest.framework */; };
		16FCA9961983ACAD005DC51F /* Foundation.framework in Frameworks */ = {isa = PBXBuildFile; fileRef = 16FCA9751983ACAC005DC51F /* Foundation.framework */; };
		16FCA9971983ACAD005DC51F /* UIKit.framework in Frameworks */ = {isa = PBXBuildFile; fileRef = 16FCA9791983ACAC005DC51F /* UIKit.framework */; };
		16FCA99F1983ACAD005DC51F /* InfoPlist.strings in Resources */ = {isa = PBXBuildFile; fileRef = 16FCA99D1983ACAD005DC51F /* InfoPlist.strings */; };
		16FCA9A11983ACAD005DC51F /* GitTestTests.m in Sources */ = {isa = PBXBuildFile; fileRef = 16FCA9A01983ACAD005DC51F /* GitTestTests.m */; };
/* End PBXBuildFile section */

/* Begin PBXContainerItemProxy section */
		16FCA9981983ACAD005DC51F /* PBXContainerItemProxy */ = {
			isa = PBXContainerItemProxy;
			containerPortal = 16FCA96A1983ACAC005DC51F /* Project object */;
			proxyType = 1;
			remoteGlobalIDString = 16FCA9711983ACAC005DC51F;
			remoteInfo = GitTest;
		};
/* End PBXContainerItemProxy section */

/* Begin PBXFileReference section */
		16FCA9721983ACAC005DC51F /* GitTest.app */ = {isa = PBXFileReference; explicitFileType = wrapper.application; includeInIndex = 0; path = GitTest.app; sourceTree = BUILT_PRODUCTS_DIR; };
		16FCA9751983ACAC005DC51F /* Foundation.framework */ = {isa = PBXFileReference; lastKnownFileType = wrapper.framework; name = Foundation.framework; path = System/Library/Frameworks/Foundation.framework; sourceTree = SDKROOT; };
		16FCA9771983ACAC005DC51F /* CoreGraphics.framework */ = {isa = PBXFileReference; lastKnownFileType = wrapper.framework; name = CoreGraphics.framework; path = System/Library/Frameworks/CoreGraphics.framework; sourceTree = SDKROOT; };
		16FCA9791983ACAC005DC51F /* UIKit.framework */ = {isa = PBXFileReference; lastKnownFileType = wrapper.framework; name = UIKit.framework; path = System/Library/Frameworks/UIKit.framework; sourceTree = SDKROOT; };
		16FCA97D1983ACAC005DC51F /* GitTest-Info.plist */ = {isa = PBXFileReference; lastKnownFileType = text.plist.xml; path = "GitTest-Info.plist"; sourceTree = "<group>"; };
		16FCA97F1983ACAC005DC51F /* en */ = {isa = PBXFileReference; lastKnownFileType = text.plist.strings; name = en; path = en.lproj/InfoPlist.strings; sourceTree = "<group>"; };
		16FCA9811983ACAC005DC51F /* main.m */ = {isa = PBXFileReference; lastKnownFileType = sourcecode.c.objc; path = main.m; sourceTree = "<group>"; };
		16FCA9831983ACAC005DC51F /* GitTest-Prefix.pch */ = {isa = PBXFileReference; lastKnownFileType = sourcecode.c.h; path = "GitTest-Prefix.pch"; sourceTree = "<group>"; };
		16FCA9841983ACAC005DC51F /* AppDelegate.h */ = {isa = PBXFileReference; lastKnownFileType = sourcecode.c.h; path = AppDelegate.h; sourceTree = "<group>"; };
		16FCA9851983ACAC005DC51F /* AppDelegate.m */ = {isa = PBXFileReference; lastKnownFileType = sourcecode.c.objc; path = AppDelegate.m; sourceTree = "<group>"; };
		16FCA9881983ACAC005DC51F /* Base */ = {isa = PBXFileReference; lastKnownFileType = file.storyboard; name = Base; path = Base.lproj/Main.storyboard; sourceTree = "<group>"; };
		16FCA98A1983ACAC005DC51F /* ViewController.h */ = {isa = PBXFileReference; lastKnownFileType = sourcecode.c.h; path = ViewController.h; sourceTree = "<group>"; };
		16FCA98B1983ACAC005DC51F /* ViewController.m */ = {isa = PBXFileReference; lastKnownFileType = sourcecode.c.objc; path = ViewController.m; sourceTree = "<group>"; };
		16FCA98D1983ACAC005DC51F /* Images.xcassets */ = {isa = PBXFileReference; lastKnownFileType = folder.assetcatalog; path = Images.xcassets; sourceTree = "<group>"; };
		16FCA9931983ACAD005DC51F /* GitTestTests.xctest */ = {isa = PBXFileReference; explicitFileType = wrapper.cfbundle; includeInIndex = 0; path = GitTestTests.xctest; sourceTree = BUILT_PRODUCTS_DIR; };
		16FCA9941983ACAD005DC51F /* XCTest.framework */ = {isa = PBXFileReference; lastKnownFileType = wrapper.framework; name = XCTest.framework; path = Library/Frameworks/XCTest.framework; sourceTree = DEVELOPER_DIR; };
		16FCA99C1983ACAD005DC51F /* GitTestTests-Info.plist */ = {isa = PBXFileReference; lastKnownFileType = text.plist.xml; path = "GitTestTests-Info.plist"; sourceTree = "<group>"; };
		16FCA99E1983ACAD005DC51F /* en */ = {isa = PBXFileReference; lastKnownFileType = text.plist.strings; name = en; path = en.lproj/InfoPlist.strings; sourceTree = "<group>"; };
		16FCA9A01983ACAD005DC51F /* GitTestTests.m */ = {isa = PBXFileReference; lastKnownFileType = sourcecode.c.objc; path = GitTestTests.m; sourceTree = "<group>"; };
/* End PBXFileReference section */

/* Begin PBXFrameworksBuildPhase section */
		16FCA96F1983ACAC005DC51F /* Frameworks */ = {
			isa = PBXFrameworksBuildPhase;
			buildActionMask = 2147483647;
			files = (
				16FCA9781983ACAC005DC51F /* CoreGraphics.framework in Frameworks */,
				16FCA97A1983ACAC005DC51F /* UIKit.framework in Frameworks */,
				16FCA9761983ACAC005DC51F /* Foundation.framework in Frameworks */,
			);
			runOnlyForDeploymentPostprocessing = 0;
		};
		16FCA9901983ACAD005DC51F /* Frameworks */ = {
			isa = PBXFrameworksBuildPhase;
			buildActionMask = 2147483647;
			files = (
				16FCA9951983ACAD005DC51F /* XCTest.framework in Frameworks */,
				16FCA9971983ACAD005DC51F /* UIKit.framework in Frameworks */,
				16FCA9961983ACAD005DC51F /* Foundation.framework in Frameworks */,
			);
			runOnlyForDeploymentPostprocessing = 0;
		};
/* End PBXFrameworksBuildPhase section */

/* Begin PBXGroup section */
		16FCA9691983ACAC005DC51F = {
			isa = PBXGroup;
			children = (
				16FCA97B1983ACAC005DC51F /* GitTest */,
				16FCA99A1983ACAD005DC51F /* GitTestTests */,
				16FCA9741983ACAC005DC51F /* Frameworks */,
				16FCA9731983ACAC005DC51F /* Products */,
			);
			sourceTree = "<group>";
		};
		16FCA9731983ACAC005DC51F /* Products */ = {
			isa = PBXGroup;
			children = (
				16FCA9721983ACAC005DC51F /* GitTest.app */,
				16FCA9931983ACAD005DC51F /* GitTestTests.xctest */,
			);
			name = Products;
			sourceTree = "<group>";
		};
		16FCA9741983ACAC005DC51F /* Frameworks */ = {
			isa = PBXGroup;
			children = (
				16FCA9751983ACAC005DC51F /* Foundation.framework */,
				16FCA9771983ACAC005DC51F /* CoreGraphics.framework */,
				16FCA9791983ACAC005DC51F /* UIKit.framework */,
				16FCA9941983ACAD005DC51F /* XCTest.framework */,
			);
			name = Frameworks;
			sourceTree = "<group>";
		};
		16FCA97B1983ACAC005DC51F /* GitTest */ = {
			isa = PBXGroup;
			children = (
				16FCA9841983ACAC005DC51F /* AppDelegate.h */,
				16FCA9851983ACAC005DC51F /* AppDelegate.m */,
				16FCA9871983ACAC005DC51F /* Main.storyboard */,
				16FCA98A1983ACAC005DC51F /* ViewController.h */,
				16FCA98B1983ACAC005DC51F /* ViewController.m */,
				16FCA98D1983ACAC005DC51F /* Images.xcassets */,
				16FCA97C1983ACAC005DC51F /* Supporting Files */,
			);
			path = GitTest;
			sourceTree = "<group>";
		};
		16FCA97C1983ACAC005DC51F /* Supporting Files */ = {
			isa = PBXGroup;
			children = (
				16FCA97D1983ACAC005DC51F /* GitTest-Info.plist */,
				16FCA97E1983ACAC005DC51F /* InfoPlist.strings */,
				16FCA9811983ACAC005DC51F /* main.m */,
				16FCA9831983ACAC005DC51F /* GitTest-Prefix.pch */,
			);
			name = "Supporting Files";
			sourceTree = "<group>";
		};
		16FCA99A1983ACAD005DC51F /* GitTestTests */ = {
			isa = PBXGroup;
			children = (
				16FCA9A01983ACAD005DC51F /* GitTestTests.m */,
				16FCA99B1983ACAD005DC51F /* Supporting Files */,
			);
			path = GitTestTests;
			sourceTree = "<group>";
		};
		16FCA99B1983ACAD005DC51F /* Supporting Files */ = {
			isa = PBXGroup;
			children = (
				16FCA99C1983ACAD005DC51F /* GitTestTests-Info.plist */,
				16FCA99D1983ACAD005DC51F /* InfoPlist.strings */,
			);
			name = "Supporting Files";
			sourceTree = "<group>";
		};
/* End PBXGroup section */

/* Begin PBXNativeTarget section */
		16FCA9711983ACAC005DC51F /* GitTest */ = {
			isa = PBXNativeTarget;
			buildConfigurationList = 16FCA9A41983ACAD005DC51F /* Build configuration list for PBXNativeTarget "GitTest" */;
			buildPhases = (
				16FCA96E1983ACAC005DC51F /* Sources */,
				16FCA96F1983ACAC005DC51F /* Frameworks */,
				16FCA9701983ACAC005DC51F /* Resources */,
			);
			buildRules = (
			);
			dependencies = (
			);
			name = GitTest;
			productName = GitTest;
			productReference = 16FCA9721983ACAC005DC51F /* GitTest.app */;
			productType = "com.apple.product-type.application";
		};
		16FCA9921983ACAD005DC51F /* GitTestTests */ = {
			isa = PBXNativeTarget;
			buildConfigurationList = 16FCA9A71983ACAD005DC51F /* Build configuration list for PBXNativeTarget "GitTestTests" */;
			buildPhases = (
				16FCA98F1983ACAD005DC51F /* Sources */,
				16FCA9901983ACAD005DC51F /* Frameworks */,
				16FCA9911983ACAD005DC51F /* Resources */,
			);
			buildRules = (
			);
			dependencies = (
				16FCA9991983ACAD005DC51F /* PBXTargetDependency */,
			);
			name = GitTestTests;
			productName = GitTestTests;
			productReference = 16FCA9931983ACAD005DC51F /* GitTestTests.xctest */;
			productType = "com.apple.product-type.bundle.unit-test";
		};
/* End PBXNativeTarget section */

/* Begin PBXProject section */
		16FCA96A1983ACAC005DC51F /* Project object */ = {
			isa = PBXProject;
			attributes = {
				LastUpgradeCheck = 0510;
				ORGANIZATIONNAME = Sanjaqak;
				TargetAttributes = {
					16FCA9921983ACAD005DC51F = {
						TestTargetID = 16FCA9711983ACAC005DC51F;
					};
				};
			};
			buildConfigurationList = 16FCA96D1983ACAC005DC51F /* Build configuration list for PBXProject "GitTest" */;
			compatibilityVersion = "Xcode 3.2";
			developmentRegion = English;
			hasScannedForEncodings = 0;
			knownRegions = (
				en,
				Base,
			);
			mainGroup = 16FCA9691983ACAC005DC51F;
			productRefGroup = 16FCA9731983ACAC005DC51F /* Products */;
			projectDirPath = "";
			projectRoot = "";
			targets = (
				16FCA9711983ACAC005DC51F /* GitTest */,
				16FCA9921983ACAD005DC51F /* GitTestTests */,
			);
		};
/* End PBXProject section */

/* Begin PBXResourcesBuildPhase section */
		16FCA9701983ACAC005DC51F /* Resources */ = {
			isa = PBXResourcesBuildPhase;
			buildActionMask = 2147483647;
			files = (
				16FCA98E1983ACAC005DC51F /* Images.xcassets in Resources */,
				16FCA9801983ACAC005DC51F /* InfoPlist.strings in Resources */,
				16FCA9891983ACAC005DC51F /* Main.storyboard in Resources */,
			);
			runOnlyForDeploymentPostprocessing = 0;
		};
		16FCA9911983ACAD005DC51F /* Resources */ = {
			isa = PBXResourcesBuildPhase;
			buildActionMask = 2147483647;
			files = (
				16FCA99F1983ACAD005DC51F /* InfoPlist.strings in Resources */,
			);
			runOnlyForDeploymentPostprocessing = 0;
		};
/* End PBXResourcesBuildPhase section */

/* Begin PBXSourcesBuildPhase section */
		16FCA96E1983ACAC005DC51F /* Sources */ = {
			isa = PBXSourcesBuildPhase;
			buildActionMask = 2147483647;
			files = (
				16FCA98C1983ACAC005DC51F /* ViewController.m in Sources */,
				16FCA9861983ACAC005DC51F /* AppDelegate.m in Sources */,
				16FCA9821983ACAC005DC51F /* main.m in Sources */,
			);
			runOnlyForDeploymentPostprocessing = 0;
		};
		16FCA98F1983ACAD005DC51F /* Sources */ = {
			isa = PBXSourcesBuildPhase;
			buildActionMask = 2147483647;
			files = (
				16FCA9A11983ACAD005DC51F /* GitTestTests.m in Sources */,
			);
			runOnlyForDeploymentPostprocessing = 0;
		};
/* End PBXSourcesBuildPhase section */

/* Begin PBXTargetDependency section */
		16FCA9991983ACAD005DC51F /* PBXTargetDependency */ = {
			isa = PBXTargetDependency;
			target = 16FCA9711983ACAC005DC51F /* GitTest */;
			targetProxy = 16FCA9981983ACAD005DC51F /* PBXContainerItemProxy */;
		};
/* End PBXTargetDependency section */

/* Begin PBXVariantGroup section */
		16FCA97E1983ACAC005DC51F /* InfoPlist.strings */ = {
			isa = PBXVariantGroup;
			children = (
				16FCA97F1983ACAC005DC51F /* en */,
			);
			name = InfoPlist.strings;
			sourceTree = "<group>";
		};
		16FCA9871983ACAC005DC51F /* Main.storyboard */ = {
			isa = PBXVariantGroup;
			children = (
				16FCA9881983ACAC005DC51F /* Base */,
			);
			name = Main.storyboard;
			sourceTree = "<group>";
		};
		16FCA99D1983ACAD005DC51F /* InfoPlist.strings */ = {
			isa = PBXVariantGroup;
			children = (
				16FCA99E1983ACAD005DC51F /* en */,
			);
			name = InfoPlist.strings;
			sourceTree = "<group>";
		};
/* End PBXVariantGroup section */

/* Begin XCBuildConfiguration section */
		16FCA9A21983ACAD005DC51F /* Debug */ = {
			isa = XCBuildConfiguration;
			buildSettings = {
				ALWAYS_SEARCH_USER_PATHS = NO;
				CLANG_CXX_LANGUAGE_STANDARD = "gnu++0x";
				CLANG_CXX_LIBRARY = "libc++";
				CLANG_ENABLE_MODULES = YES;
				CLANG_ENABLE_OBJC_ARC = YES;
				CLANG_WARN_BOOL_CONVERSION = YES;
				CLANG_WARN_CONSTANT_CONVERSION = YES;
				CLANG_WARN_DIRECT_OBJC_ISA_USAGE = YES_ERROR;
				CLANG_WARN_EMPTY_BODY = YES;
				CLANG_WARN_ENUM_CONVERSION = YES;
				CLANG_WARN_INT_CONVERSION = YES;
				CLANG_WARN_OBJC_ROOT_CLASS = YES_ERROR;
				CLANG_WARN__DUPLICATE_METHOD_MATCH = YES;
				"CODE_SIGN_IDENTITY[sdk=iphoneos*]" = "iPhone Developer";
				COPY_PHASE_STRIP = NO;
				GCC_C_LANGUAGE_STANDARD = gnu99;
				GCC_DYNAMIC_NO_PIC = NO;
				GCC_OPTIMIZATION_LEVEL = 0;
				GCC_PREPROCESSOR_DEFINITIONS = (
					"DEBUG=1",
					"$(inherited)",
				);
				GCC_SYMBOLS_PRIVATE_EXTERN = NO;
				GCC_WARN_64_TO_32_BIT_CONVERSION = YES;
				GCC_WARN_ABOUT_RETURN_TYPE = YES_ERROR;
				GCC_WARN_UNDECLARED_SELECTOR = YES;
				GCC_WARN_UNINITIALIZED_AUTOS = YES_AGGRESSIVE;
				GCC_WARN_UNUSED_FUNCTION = YES;
				GCC_WARN_UNUSED_VARIABLE = YES;
				IPHONEOS_DEPLOYMENT_TARGET = 7.1;
				ONLY_ACTIVE_ARCH = YES;
				SDKROOT = iphoneos;
			};
			name = Debug;
		};
		16FCA9A31983ACAD005DC51F /* Release */ = {
			isa = XCBuildConfiguration;
			buildSettings = {
				ALWAYS_SEARCH_USER_PATHS = NO;
				CLANG_CXX_LANGUAGE_STANDARD = "gnu++0x";
				CLANG_CXX_LIBRARY = "libc++";
				CLANG_ENABLE_MODULES = YES;
				CLANG_ENABLE_OBJC_ARC = YES;
				CLANG_WARN_BOOL_CONVERSION = YES;
				CLANG_WARN_CONSTANT_CONVERSION = YES;
				CLANG_WARN_DIRECT_OBJC_ISA_USAGE = YES_ERROR;
				CLANG_WARN_EMPTY_BODY = YES;
				CLANG_WARN_ENUM_CONVERSION = YES;
				CLANG_WARN_INT_CONVERSION = YES;
				CLANG_WARN_OBJC_ROOT_CLASS = YES_ERROR;
				CLANG_WARN__DUPLICATE_METHOD_MATCH = YES;
				"CODE_SIGN_IDENTITY[sdk=iphoneos*]" = "iPhone Developer";
				COPY_PHASE_STRIP = YES;
				ENABLE_NS_ASSERTIONS = NO;
				GCC_C_LANGUAGE_STANDARD = gnu99;
				GCC_WARN_64_TO_32_BIT_CONVERSION = YES;
				GCC_WARN_ABOUT_RETURN_TYPE = YES_ERROR;
				GCC_WARN_UNDECLARED_SELECTOR = YES;
				GCC_WARN_UNINITIALIZED_AUTOS = YES_AGGRESSIVE;
				GCC_WARN_UNUSED_FUNCTION = YES;
				GCC_WARN_UNUSED_VARIABLE = YES;
				IPHONEOS_DEPLOYMENT_TARGET = 7.1;
				SDKROOT = iphoneos;
				VALIDATE_PRODUCT = YES;
			};
			name = Release;
		};
		16FCA9A51983ACAD005DC51F /* Debug */ = {
			isa = XCBuildConfiguration;
			buildSettings = {
				ASSETCATALOG_COMPILER_APPICON_NAME = AppIcon;
				ASSETCATALOG_COMPILER_LAUNCHIMAGE_NAME = LaunchImage;
				GCC_PRECOMPILE_PREFIX_HEADER = YES;
				GCC_PREFIX_HEADER = "GitTest/GitTest-Prefix.pch";
				INFOPLIST_FILE = "GitTest/GitTest-Info.plist";
				PRODUCT_NAME = "$(TARGET_NAME)";
				WRAPPER_EXTENSION = app;
			};
			name = Debug;
		};
		16FCA9A61983ACAD005DC51F /* Release */ = {
			isa = XCBuildConfiguration;
			buildSettings = {
				ASSETCATALOG_COMPILER_APPICON_NAME = AppIcon;
				ASSETCATALOG_COMPILER_LAUNCHIMAGE_NAME = LaunchImage;
				GCC_PRECOMPILE_PREFIX_HEADER = YES;
				GCC_PREFIX_HEADER = "GitTest/GitTest-Prefix.pch";
				INFOPLIST_FILE = "GitTest/GitTest-Info.plist";
				PRODUCT_NAME = "$(TARGET_NAME)";
				WRAPPER_EXTENSION = app;
			};
			name = Release;
		};
		16FCA9A81983ACAD005DC51F /* Debug */ = {
			isa = XCBuildConfiguration;
			buildSettings = {
				BUNDLE_LOADER = "$(BUILT_PRODUCTS_DIR)/GitTest.app/GitTest";
				FRAMEWORK_SEARCH_PATHS = (
					"$(SDKROOT)/Developer/Library/Frameworks",
					"$(inherited)",
					"$(DEVELOPER_FRAMEWORKS_DIR)",
				);
				GCC_PRECOMPILE_PREFIX_HEADER = YES;
				GCC_PREFIX_HEADER = "GitTest/GitTest-Prefix.pch";
				GCC_PREPROCESSOR_DEFINITIONS = (
					"DEBUG=1",
					"$(inherited)",
				);
				INFOPLIST_FILE = "GitTestTests/GitTestTests-Info.plist";
				PRODUCT_NAME = "$(TARGET_NAME)";
				TEST_HOST = "$(BUNDLE_LOADER)";
				WRAPPER_EXTENSION = xctest;
			};
			name = Debug;
		};
		16FCA9A91983ACAD005DC51F /* Release */ = {
			isa = XCBuildConfiguration;
			buildSettings = {
				BUNDLE_LOADER = "$(BUILT_PRODUCTS_DIR)/GitTest.app/GitTest";
				FRAMEWORK_SEARCH_PATHS = (
					"$(SDKROOT)/Developer/Library/Frameworks",
					"$(inherited)",
					"$(DEVELOPER_FRAMEWORKS_DIR)",
				);
				GCC_PRECOMPILE_PREFIX_HEADER = YES;
				GCC_PREFIX_HEADER = "GitTest/GitTest-Prefix.pch";
				INFOPLIST_FILE = "GitTestTests/GitTestTests-Info.plist";
				PRODUCT_NAME = "$(TARGET_NAME)";
				TEST_HOST = "$(BUNDLE_LOADER)";
				WRAPPER_EXTENSION = xctest;
			};
			name = Release;
		};
/* End XCBuildConfiguration section */

/* Begin XCConfigurationList section */
		16FCA96D1983ACAC005DC51F /* Build configuration list for PBXProject "GitTest" */ = {
			isa = XCConfigurationList;
			buildConfigurations = (
				16FCA9A21983ACAD005DC51F /* Debug */,
				16FCA9A31983ACAD005DC51F /* Release */,
			);
			defaultConfigurationIsVisible = 0;
			defaultConfigurationName = Release;
		};
		16FCA9A41983ACAD005DC51F /* Build configuration list for PBXNativeTarget "GitTest" */ = {
			isa = XCConfigurationList;
			buildConfigurations = (
				16FCA9A51983ACAD005DC51F /* Debug */,
				16FCA9A61983ACAD005DC51F /* Release */,
			);
			defaultConfigurationIsVisible = 0;
		};
		16FCA9A71983ACAD005DC51F /* Build configuration list for PBXNativeTarget "GitTestTests" */ = {
			isa = XCConfigurationList;
			buildConfigurations = (
				16FCA9A81983ACAD005DC51F /* Debug */,
				16FCA9A91983ACAD005DC51F /* Release */,
			);
			defaultConfigurationIsVisible = 0;
		};
/* End XCConfigurationList section */
	};
	rootObject = 16FCA96A1983ACAC005DC51F /* Project object */;
}
